
Microsoft Visual Studio Solution File, Format Version 12.00
# Visual Studio Version 17
VisualStudioVersion = 17.14.36202.13
MinimumVisualStudioVersion = 10.0.40219.1
Project("{FAE04EC0-301F-11D3-BF4B-00C04F79EFBC}") = "Backend", "Backend\Backend.csproj", "{B382F326-AC30-4F8D-B447-1E9DD8259024}"
EndProject
Project("{FAE04EC0-301F-11D3-BF4B-00C04F79EFBC}") = "Service", "Service\Service.csproj", "{66700766-754C-4060-9ECC-9B58D0E15D98}"
EndProject
Project("{2150E333-8FDC-42A3-9474-1A3956D46DE8}") = "Elementos de la solución", "Elementos de la solución", "{D107F4C8-89CC-BEA8-D3D7-CA6B7733353D}"
	ProjectSection(SolutionItems) = preProject
		readme.md = readme.md
	EndProjectSection
EndProject
Global
	GlobalSection(SolutionConfigurationPlatforms) = preSolution
		Debug|Any CPU = Debug|Any CPU
		Release|Any CPU = Release|Any CPU
	EndGlobalSection
	GlobalSection(ProjectConfigurationPlatforms) = postSolution
		{B382F326-AC30-4F8D-B447-1E9DD8259024}.Debug|Any CPU.ActiveCfg = Debug|Any CPU
		{B382F326-AC30-4F8D-B447-1E9DD8259024}.Debug|Any CPU.Build.0 = Debug|Any CPU
		{B382F326-AC30-4F8D-B447-1E9DD8259024}.Release|Any CPU.ActiveCfg = Release|Any CPU
		{B382F326-AC30-4F8D-B447-1E9DD8259024}.Release|Any CPU.Build.0 = Release|Any CPU
		{66700766-754C-4060-9ECC-9B58D0E15D98}.Debug|Any CPU.ActiveCfg = Debug|Any CPU
		{66700766-754C-4060-9ECC-9B58D0E15D98}.Debug|Any CPU.Build.0 = Debug|Any CPU
		{66700766-754C-4060-9ECC-9B58D0E15D98}.Release|Any CPU.ActiveCfg = Release|Any CPU
		{66700766-754C-4060-9ECC-9B58D0E15D98}.Release|Any CPU.Build.0 = Release|Any CPU
	EndGlobalSection
	GlobalSection(SolutionProperties) = preSolution
		HideSolutionNode = FALSE
	EndGlobalSection
	GlobalSection(ExtensibilityGlobals) = postSolution
		SolutionGuid = {54E3FC20-2509-4D50-8406-0D42A3CD8C7B}
	EndGlobalSection
EndGlobal
